{
  "version": 4,
  "terraform_version": "1.0.11",
  "serial": 4,
  "lineage": "d6e6f408-d71b-d628-6df6-97e08e289662",
  "outputs": {
    "acr_id": {
      "value": "/subscriptions/3ff9fa51-9d4f-4e3e-8b7b-841b7c136712/resourceGroups/jk1650-aks-cluster-rg/providers/Microsoft.ContainerRegistry/registries/jk1650acr",
      "type": "string"
    },
    "acr_login_server": {
      "value": "jk1650acr.azurecr.io",
      "type": "string"
    },
    "aks_id": {
      "value": "azurerm_kubernetes_cluster.aks.id",
      "type": "string"
    }
  },
  "resources": [
    {
      "mode": "managed",
      "type": "azurerm_container_registry",
      "name": "acr",
      "provider": "provider[\"registry.terraform.io/hashicorp/azurerm\"]",
      "instances": [
        {
          "schema_version": 2,
          "attributes": {
            "admin_enabled": false,
            "admin_password": "",
            "admin_username": "",
            "georeplication_locations": null,
            "id": "/subscriptions/3ff9fa51-9d4f-4e3e-8b7b-841b7c136712/resourceGroups/jk1650-aks-cluster-rg/providers/Microsoft.ContainerRegistry/registries/jk1650acr",
            "location": "northeurope",
            "login_server": "jk1650acr.azurecr.io",
            "name": "jk1650acr",
            "network_rule_set": [],
            "resource_group_name": "jk1650-aks-cluster-rg",
            "retention_policy": [
              {
                "days": 7,
                "enabled": false
              }
            ],
            "sku": "Standard",
            "storage_account_id": null,
            "tags": null,
            "timeouts": null,
            "trust_policy": [
              {
                "enabled": false
              }
            ]
          },
          "sensitive_attributes": [],
          "private": "eyJlMmJmYjczMC1lY2FhLTExZTYtOGY4OC0zNDM2M2JjN2M0YzAiOnsiY3JlYXRlIjoxODAwMDAwMDAwMDAwLCJkZWxldGUiOjE4MDAwMDAwMDAwMDAsInJlYWQiOjMwMDAwMDAwMDAwMCwidXBkYXRlIjoxODAwMDAwMDAwMDAwfSwic2NoZW1hX3ZlcnNpb24iOiIyIn0=",
          "dependencies": [
            "azurerm_resource_group.aks_rg"
          ]
        }
      ]
    },
    {
      "mode": "managed",
      "type": "azurerm_resource_group",
      "name": "aks_rg",
      "provider": "provider[\"registry.terraform.io/hashicorp/azurerm\"]",
      "instances": [
        {
          "schema_version": 0,
          "attributes": {
            "id": "/subscriptions/3ff9fa51-9d4f-4e3e-8b7b-841b7c136712/resourceGroups/jk1650-aks-cluster-rg",
            "location": "northeurope",
            "name": "jk1650-aks-cluster-rg",
            "tags": null,
            "timeouts": null
          },
          "sensitive_attributes": [],
          "private": "eyJlMmJmYjczMC1lY2FhLTExZTYtOGY4OC0zNDM2M2JjN2M0YzAiOnsiY3JlYXRlIjo1NDAwMDAwMDAwMDAwLCJkZWxldGUiOjU0MDAwMDAwMDAwMDAsInJlYWQiOjMwMDAwMDAwMDAwMCwidXBkYXRlIjo1NDAwMDAwMDAwMDAwfX0="
        }
      ]
    },
    {
      "mode": "managed",
      "type": "azurerm_role_assignment",
      "name": "role_acrpull",
      "provider": "provider[\"registry.terraform.io/hashicorp/azurerm\"]",
      "instances": []
    },
    {
      "mode": "managed",
      "type": "local_file",
      "name": "kubeconfig",
      "provider": "provider[\"registry.terraform.io/hashicorp/local\"]",
      "instances": []
    }
  ]
}
